
Microsoft Visual Studio Solution File, Format Version 12.00
# Visual Studio Version 17
VisualStudioVersion = 17.1.32328.378
MinimumVisualStudioVersion = 10.0.40219.1
Project("{FAE04EC0-301F-11D3-BF4B-00C04F79EFBC}") = "BookshopWeb", "BookshopWeb\BookshopWeb.csproj", "{AC1FBA4D-A707-4847-A281-FBE621EB40DA}"
EndProject
Global
	GlobalSection(SolutionConfigurationPlatforms) = preSolution
		Debug|Any CPU = Debug|Any CPU
		Release|Any CPU = Release|Any CPU
	EndGlobalSection
	GlobalSection(ProjectConfigurationPlatforms) = postSolution
		{AC1FBA4D-A707-4847-A281-FBE621EB40DA}.Debug|Any CPU.ActiveCfg = Debug|Any CPU
		{AC1FBA4D-A707-4847-A281-FBE621EB40DA}.Debug|Any CPU.Build.0 = Debug|Any CPU
		{AC1FBA4D-A707-4847-A281-FBE621EB40DA}.Release|Any CPU.ActiveCfg = Release|Any CPU
		{AC1FBA4D-A707-4847-A281-FBE621EB40DA}.Release|Any CPU.Build.0 = Release|Any CPU
	EndGlobalSection
	GlobalSection(SolutionProperties) = preSolution
		HideSolutionNode = FALSE
	EndGlobalSection
	GlobalSection(ExtensibilityGlobals) = postSolution
		SolutionGuid = {ACBE6194-A234-4E47-AE4E-730EDCE25202}
	EndGlobalSection
EndGlobal
